{
  "version": 4,
  "terraform_version": "1.5.7",
  "serial": 17,
  "lineage": "0ccb4951-7e83-3d57-fc87-f610ab8b4435",
  "outputs": {
    "minio_access_key": {
      "value": "minioadmin",
      "type": "string"
    },
    "minio_secret_key": {
      "value": "minioadmin",
      "type": "string"
    }
  },
  "resources": [
    {
      "mode": "managed",
      "type": "helm_release",
      "name": "s3www_minio",
      "provider": "provider[\"registry.terraform.io/hashicorp/helm\"]",
      "instances": [
        {
          "schema_version": 1,
          "attributes": {
            "atomic": false,
            "chart": "../s3www-minio/",
            "cleanup_on_fail": false,
            "create_namespace": false,
            "dependency_update": false,
            "description": null,
            "devel": null,
            "disable_crd_hooks": false,
            "disable_openapi_validation": false,
            "disable_webhooks": false,
            "force_update": false,
            "id": "s3www-minio",
            "keyring": null,
            "lint": false,
            "manifest": null,
            "max_history": 0,
            "metadata": [
              {
                "app_version": "1.0",
                "chart": "s3www-minio",
                "first_deployed": 1723410999,
                "last_deployed": 1723410999,
                "name": "s3www-minio",
                "namespace": "up42",
                "notes": "",
                "revision": 1,
                "values": "{\"ingress\":{\"enabled\":false,\"hosts\":[{\"host\":\"s3www.local\"}]},\"loadBalancer\":{\"enabled\":true},\"minio\":{\"accessKey\":\"minioadmin\",\"bucketName\":\"s3www-bucket\",\"secretKey\":\"minioadmin\"},\"prometheus\":{\"enabled\":true}}",
                "version": "0.1.0"
              }
            ],
            "name": "s3www-minio",
            "namespace": "up42",
            "pass_credentials": false,
            "postrender": [],
            "recreate_pods": false,
            "render_subchart_notes": true,
            "replace": false,
            "repository": null,
            "repository_ca_file": null,
            "repository_cert_file": null,
            "repository_key_file": null,
            "repository_password": null,
            "repository_username": null,
            "reset_values": false,
            "reuse_values": false,
            "set": [
              {
                "name": "ingress.enabled",
                "type": "",
                "value": "false"
              },
              {
                "name": "ingress.hosts[0].host",
                "type": "",
                "value": "s3www.local"
              },
              {
                "name": "loadBalancer.enabled",
                "type": "",
                "value": "true"
              },
              {
                "name": "minio.accessKey",
                "type": "",
                "value": "minioadmin"
              },
              {
                "name": "minio.bucketName",
                "type": "",
                "value": "s3www-bucket"
              },
              {
                "name": "minio.secretKey",
                "type": "",
                "value": "minioadmin"
              },
              {
                "name": "prometheus.enabled",
                "type": "",
                "value": "true"
              }
            ],
            "set_list": [],
            "set_sensitive": [],
            "skip_crds": false,
            "status": "deployed",
            "timeout": 300,
            "values": null,
            "verify": false,
            "version": "0.1.0",
            "wait": true,
            "wait_for_jobs": false
          },
          "sensitive_attributes": [],
          "private": "eyJzY2hlbWFfdmVyc2lvbiI6IjEifQ==",
          "dependencies": [
            "kubernetes_namespace.s3www_namespace"
          ]
        }
      ]
    },
    {
      "mode": "managed",
      "type": "kubernetes_namespace",
      "name": "s3www_namespace",
      "provider": "provider[\"registry.terraform.io/hashicorp/kubernetes\"]",
      "instances": [
        {
          "schema_version": 0,
          "attributes": {
            "id": "up42",
            "metadata": [
              {
                "annotations": {},
                "generate_name": "",
                "generation": 0,
                "labels": {},
                "name": "up42",
                "resource_version": "1659",
                "uid": "bf57c119-9bd7-4014-9de5-784daf3471ac"
              }
            ],
            "timeouts": null,
            "wait_for_default_service_account": false
          },
          "sensitive_attributes": [],
          "private": "eyJlMmJmYjczMC1lY2FhLTExZTYtOGY4OC0zNDM2M2JjN2M0YzAiOnsiZGVsZXRlIjozMDAwMDAwMDAwMDB9fQ=="
        }
      ]
    }
  ],
  "check_results": null
}
